
Microsoft Visual Studio Solution File, Format Version 12.00
# Visual Studio Version 17
VisualStudioVersion = 17.9.34728.123
MinimumVisualStudioVersion = 10.0.40219.1
Project("{FAE04EC0-301F-11D3-BF4B-00C04F79EFBC}") = "dinks-server", "dinks-server\dinks-server.csproj", "{844BF761-C236-4291-B981-A649C851087C}"
EndProject
Global
	GlobalSection(SolutionConfigurationPlatforms) = preSolution
		Debug|Any CPU = Debug|Any CPU
		Release|Any CPU = Release|Any CPU
	EndGlobalSection
	GlobalSection(ProjectConfigurationPlatforms) = postSolution
		{844BF761-C236-4291-B981-A649C851087C}.Debug|Any CPU.ActiveCfg = Debug|Any CPU
		{844BF761-C236-4291-B981-A649C851087C}.Debug|Any CPU.Build.0 = Debug|Any CPU
		{844BF761-C236-4291-B981-A649C851087C}.Release|Any CPU.ActiveCfg = Release|Any CPU
		{844BF761-C236-4291-B981-A649C851087C}.Release|Any CPU.Build.0 = Release|Any CPU
	EndGlobalSection
	GlobalSection(SolutionProperties) = preSolution
		HideSolutionNode = FALSE
	EndGlobalSection
	GlobalSection(ExtensibilityGlobals) = postSolution
		SolutionGuid = {E2C564DB-39B5-412F-8C70-36FBCFF6C617}
	EndGlobalSection
EndGlobal
